{
  "version": 4,
  "terraform_version": "1.5.5",
  "serial": 20,
  "lineage": "38f72172-023c-b729-bedf-d6342797ca94",
  "outputs": {},
  "resources": [
    {
      "mode": "managed",
      "type": "azurerm_network_security_group",
      "name": "silverlord_sg",
      "provider": "provider[\"registry.terraform.io/hashicorp/azurerm\"]",
      "instances": [
        {
          "schema_version": 0,
          "attributes": {
            "id": "/subscriptions/d2b9708a-e954-451b-9588-0a5045afb54b/resourceGroups/silverlord-resource/providers/Microsoft.Network/networkSecurityGroups/silverord_security_group",
            "location": "eastus",
            "name": "silverord_security_group",
            "resource_group_name": "silverlord-resource",
            "security_rule": [],
            "tags": {
              "environment": "lab"
            },
            "timeouts": null
          },
          "sensitive_attributes": [],
          "private": "eyJlMmJmYjczMC1lY2FhLTExZTYtOGY4OC0zNDM2M2JjN2M0YzAiOnsiY3JlYXRlIjoxODAwMDAwMDAwMDAwLCJkZWxldGUiOjE4MDAwMDAwMDAwMDAsInJlYWQiOjMwMDAwMDAwMDAwMCwidXBkYXRlIjoxODAwMDAwMDAwMDAwfX0=",
          "dependencies": [
            "azurerm_resource_group.silverlord_rg"
          ]
        }
      ]
    },
    {
      "mode": "managed",
      "type": "azurerm_network_security_rule",
      "name": "silverlord_labrule",
      "provider": "provider[\"registry.terraform.io/hashicorp/azurerm\"]",
      "instances": [
        {
          "schema_version": 0,
          "attributes": {
            "access": "Allow",
            "description": "",
            "destination_address_prefix": "*",
            "destination_address_prefixes": null,
            "destination_application_security_group_ids": null,
            "destination_port_range": "*",
            "destination_port_ranges": null,
            "direction": "Inbound",
            "id": "/subscriptions/d2b9708a-e954-451b-9588-0a5045afb54b/resourceGroups/silverlord-resource/providers/Microsoft.Network/networkSecurityGroups/silverord_security_group/securityRules/silverlord_labrule",
            "name": "silverlord_labrule",
            "network_security_group_name": "silverord_security_group",
            "priority": 100,
            "protocol": "*",
            "resource_group_name": "silverlord-resource",
            "source_address_prefix": "*",
            "source_address_prefixes": null,
            "source_application_security_group_ids": null,
            "source_port_range": "*",
            "source_port_ranges": null,
            "timeouts": null
          },
          "sensitive_attributes": [],
          "private": "eyJlMmJmYjczMC1lY2FhLTExZTYtOGY4OC0zNDM2M2JjN2M0YzAiOnsiY3JlYXRlIjoxODAwMDAwMDAwMDAwLCJkZWxldGUiOjE4MDAwMDAwMDAwMDAsInJlYWQiOjMwMDAwMDAwMDAwMCwidXBkYXRlIjoxODAwMDAwMDAwMDAwfX0=",
          "dependencies": [
            "azurerm_network_security_group.silverlord_sg",
            "azurerm_resource_group.silverlord_rg"
          ]
        }
      ]
    },
    {
      "mode": "managed",
      "type": "azurerm_resource_group",
      "name": "silverlord_rg",
      "provider": "provider[\"registry.terraform.io/hashicorp/azurerm\"]",
      "instances": [
        {
          "schema_version": 0,
          "attributes": {
            "id": "/subscriptions/d2b9708a-e954-451b-9588-0a5045afb54b/resourceGroups/silverlord-resource",
            "location": "eastus",
            "name": "silverlord-resource",
            "tags": {
              "environment": "lab"
            },
            "timeouts": null
          },
          "sensitive_attributes": [],
          "private": "eyJlMmJmYjczMC1lY2FhLTExZTYtOGY4OC0zNDM2M2JjN2M0YzAiOnsiY3JlYXRlIjo1NDAwMDAwMDAwMDAwLCJkZWxldGUiOjU0MDAwMDAwMDAwMDAsInJlYWQiOjMwMDAwMDAwMDAwMCwidXBkYXRlIjo1NDAwMDAwMDAwMDAwfX0="
        }
      ]
    },
    {
      "mode": "managed",
      "type": "azurerm_subnet",
      "name": "silverlord_sn",
      "provider": "provider[\"registry.terraform.io/hashicorp/azurerm\"]",
      "instances": [
        {
          "schema_version": 0,
          "attributes": {
            "address_prefixes": [
              "10.123.1.0/24"
            ],
            "delegation": [],
            "enforce_private_link_endpoint_network_policies": false,
            "enforce_private_link_service_network_policies": false,
            "id": "/subscriptions/d2b9708a-e954-451b-9588-0a5045afb54b/resourceGroups/silverlord-resource/providers/Microsoft.Network/virtualNetworks/silverlord_network/subnets/silverlord_subnet",
            "name": "silverlord_subnet",
            "resource_group_name": "silverlord-resource",
            "service_endpoint_policy_ids": null,
            "service_endpoints": null,
            "timeouts": null,
            "virtual_network_name": "silverlord_network"
          },
          "sensitive_attributes": [],
          "private": "eyJlMmJmYjczMC1lY2FhLTExZTYtOGY4OC0zNDM2M2JjN2M0YzAiOnsiY3JlYXRlIjoxODAwMDAwMDAwMDAwLCJkZWxldGUiOjE4MDAwMDAwMDAwMDAsInJlYWQiOjMwMDAwMDAwMDAwMCwidXBkYXRlIjoxODAwMDAwMDAwMDAwfX0=",
          "dependencies": [
            "azurerm_resource_group.silverlord_rg",
            "azurerm_virtual_network.silverlord_vn"
          ]
        }
      ]
    },
    {
      "mode": "managed",
      "type": "azurerm_subnet_network_security_group_association",
      "name": "silverlord-sga",
      "provider": "provider[\"registry.terraform.io/hashicorp/azurerm\"]",
      "instances": [
        {
          "schema_version": 0,
          "attributes": {
            "id": "/subscriptions/d2b9708a-e954-451b-9588-0a5045afb54b/resourceGroups/silverlord-resource/providers/Microsoft.Network/virtualNetworks/silverlord_network/subnets/silverlord_subnet",
            "network_security_group_id": "/subscriptions/d2b9708a-e954-451b-9588-0a5045afb54b/resourceGroups/silverlord-resource/providers/Microsoft.Network/networkSecurityGroups/silverord_security_group",
            "subnet_id": "/subscriptions/d2b9708a-e954-451b-9588-0a5045afb54b/resourceGroups/silverlord-resource/providers/Microsoft.Network/virtualNetworks/silverlord_network/subnets/silverlord_subnet",
            "timeouts": null
          },
          "sensitive_attributes": [],
          "private": "eyJlMmJmYjczMC1lY2FhLTExZTYtOGY4OC0zNDM2M2JjN2M0YzAiOnsiY3JlYXRlIjoxODAwMDAwMDAwMDAwLCJkZWxldGUiOjE4MDAwMDAwMDAwMDAsInJlYWQiOjMwMDAwMDAwMDAwMCwidXBkYXRlIjoxODAwMDAwMDAwMDAwfX0=",
          "dependencies": [
            "azurerm_network_security_group.silverlord_sg",
            "azurerm_resource_group.silverlord_rg",
            "azurerm_subnet.silverlord_sn",
            "azurerm_virtual_network.silverlord_vn"
          ]
        }
      ]
    },
    {
      "mode": "managed",
      "type": "azurerm_virtual_network",
      "name": "silverlord_vn",
      "provider": "provider[\"registry.terraform.io/hashicorp/azurerm\"]",
      "instances": [
        {
          "schema_version": 0,
          "attributes": {
            "address_space": [
              "10.123.0.0/16"
            ],
            "bgp_community": "",
            "ddos_protection_plan": [],
            "dns_servers": [],
            "edge_zone": "",
            "flow_timeout_in_minutes": 0,
            "guid": "5249df15-5605-4917-a2c9-165a2abf60c8",
            "id": "/subscriptions/d2b9708a-e954-451b-9588-0a5045afb54b/resourceGroups/silverlord-resource/providers/Microsoft.Network/virtualNetworks/silverlord_network",
            "location": "eastus",
            "name": "silverlord_network",
            "resource_group_name": "silverlord-resource",
            "subnet": [],
            "tags": {
              "environment": "lab"
            },
            "timeouts": null
          },
          "sensitive_attributes": [],
          "private": "eyJlMmJmYjczMC1lY2FhLTExZTYtOGY4OC0zNDM2M2JjN2M0YzAiOnsiY3JlYXRlIjoxODAwMDAwMDAwMDAwLCJkZWxldGUiOjE4MDAwMDAwMDAwMDAsInJlYWQiOjMwMDAwMDAwMDAwMCwidXBkYXRlIjoxODAwMDAwMDAwMDAwfX0=",
          "dependencies": [
            "azurerm_resource_group.silverlord_rg"
          ]
        }
      ]
    }
  ],
  "check_results": null
}
